dependencies:
- name: litellm-helm
  repository: oci://docker.litellm.ai/berriai
  version: 1.82.3
- name: mlflow
  repository: https://community-charts.github.io/helm-charts
  version: 1.11.7
- name: openmetadata-dependencies
  repository: https://helm.open-metadata.org
  version: 2.0.1
- name: openmetadata
  repository: https://helm.open-metadata.org
  version: 2.0.1
- name: kube-prometheus-stack
  repository: https://prometheus-community.github.io/helm-charts
  version: 91.2.0
- name: loki
  repository: https://grafana.github.io/helm-charts
  version: 7.3.0
- name: alloy
  repository: https://grafana.github.io/helm-charts
  version: 1.13.0
- name: yet-another-cloudwatch-exporter
  repository: https://prometheus-community.github.io/helm-charts
  version: 0.39.1
digest: sha256:583f761a8ff5b6675eb59cc2d6fc012917cbda5ec510a80c65ec6b3b0e65b67e
generated: "2026-10-06T17:07:50.6389617+02:00"
