dependencies:
- name: litellm-helm
  repository: oci://docker.litellm.ai/berriai
  version: 1.82.3
- name: mlflow
  repository: https://community-charts.github.io/helm-charts
  version: 1.11.7
- name: openmetadata
  repository: https://helm.open-metadata.org
  version: 2.0.1
- name: kube-prometheus-stack
  repository: https://prometheus-community.github.io/helm-charts
  version: 91.2.0
digest: sha256:3aeac691eb45c5eff7c7f500b6045abeb59513648917d642862829f721edfbd8
generated: "2026-09-21T10:52:26.230082+02:00"
